
Microsoft Visual Studio Solution File, Format Version 12.00
# Visual Studio Version 17
VisualStudioVersion = 17.8.34601.278
MinimumVisualStudioVersion = 10.0.40219.1
Project("{FAE04EC0-301F-11D3-BF4B-00C04F79EFBC}") = "CPRG211Lab8", "CPRG211Lab8\CPRG211Lab8.csproj", "{17487E74-4A26-4C42-AE17-943CB8775656}"
EndProject
Project("{FAE04EC0-301F-11D3-BF4B-00C04F79EFBC}") = "LinkedListTests", "LinkedListTests\LinkedListTests.csproj", "{D9C986C9-E0C8-423D-9287-E7F239C72280}"
EndProject
Global
	GlobalSection(SolutionConfigurationPlatforms) = preSolution
		Debug|Any CPU = Debug|Any CPU
		Release|Any CPU = Release|Any CPU
	EndGlobalSection
	GlobalSection(ProjectConfigurationPlatforms) = postSolution
		{17487E74-4A26-4C42-AE17-943CB8775656}.Debug|Any CPU.ActiveCfg = Debug|Any CPU
		{17487E74-4A26-4C42-AE17-943CB8775656}.Debug|Any CPU.Build.0 = Debug|Any CPU
		{17487E74-4A26-4C42-AE17-943CB8775656}.Release|Any CPU.ActiveCfg = Release|Any CPU
		{17487E74-4A26-4C42-AE17-943CB8775656}.Release|Any CPU.Build.0 = Release|Any CPU
		{D9C986C9-E0C8-423D-9287-E7F239C72280}.Debug|Any CPU.ActiveCfg = Debug|Any CPU
		{D9C986C9-E0C8-423D-9287-E7F239C72280}.Debug|Any CPU.Build.0 = Debug|Any CPU
		{D9C986C9-E0C8-423D-9287-E7F239C72280}.Release|Any CPU.ActiveCfg = Release|Any CPU
		{D9C986C9-E0C8-423D-9287-E7F239C72280}.Release|Any CPU.Build.0 = Release|Any CPU
	EndGlobalSection
	GlobalSection(SolutionProperties) = preSolution
		HideSolutionNode = FALSE
	EndGlobalSection
	GlobalSection(ExtensibilityGlobals) = postSolution
		SolutionGuid = {3542703D-0DF3-4551-8F85-0CDAFE358D75}
	EndGlobalSection
EndGlobal
